
Microsoft Visual Studio Solution File, Format Version 12.00
# Visual Studio Version 17
VisualStudioVersion = 17.1.32328.378
MinimumVisualStudioVersion = 10.0.40219.1
Project("{FAE04EC0-301F-11D3-BF4B-00C04F79EFBC}") = "PayrollApp", "PayrollApp\PayrollApp.csproj", "{B9CCB6B7-B8DD-4939-A95D-671B5F1BE86E}"
EndProject
Global
	GlobalSection(SolutionConfigurationPlatforms) = preSolution
		Debug|Any CPU = Debug|Any CPU
		Release|Any CPU = Release|Any CPU
	EndGlobalSection
	GlobalSection(ProjectConfigurationPlatforms) = postSolution
		{B9CCB6B7-B8DD-4939-A95D-671B5F1BE86E}.Debug|Any CPU.ActiveCfg = Debug|Any CPU
		{B9CCB6B7-B8DD-4939-A95D-671B5F1BE86E}.Debug|Any CPU.Build.0 = Debug|Any CPU
		{B9CCB6B7-B8DD-4939-A95D-671B5F1BE86E}.Release|Any CPU.ActiveCfg = Release|Any CPU
		{B9CCB6B7-B8DD-4939-A95D-671B5F1BE86E}.Release|Any CPU.Build.0 = Release|Any CPU
	EndGlobalSection
	GlobalSection(SolutionProperties) = preSolution
		HideSolutionNode = FALSE
	EndGlobalSection
	GlobalSection(ExtensibilityGlobals) = postSolution
		SolutionGuid = {B94BDD27-8179-422B-B057-E0D34558329E}
	EndGlobalSection
EndGlobal
